{
  "name": "test-systeminfo",
  "version": "0.0.1",
  "lockfileVersion": 1,
  "requires": true,
  "dependencies": {
    "systeminformation": {
      "version": "5.8.2",
      "resolved": "https://registry.npmjs.org/systeminformation/-/systeminformation-5.8.2.tgz",
      "integrity": "sha512-XxK/gHdfGFtCAv7JLwGlPoU8bfkcTHgcGSU9LqgbdURwOgwyYlfX+jailzh2eX//9r+Wg53oOv+/DE30KNK2qA=="
    }
  }
}
